
Microsoft Visual Studio Solution File, Format Version 12.00
# Visual Studio Version 17
VisualStudioVersion = 17.4.33205.214
MinimumVisualStudioVersion = 10.0.40219.1
Project("{FAE04EC0-301F-11D3-BF4B-00C04F79EFBC}") = "ExamPortal", "ExamPortal\ExamPortal.csproj", "{918827DA-2189-4735-98BA-C9538B2E185A}"
EndProject
Global
	GlobalSection(SolutionConfigurationPlatforms) = preSolution
		Debug|Any CPU = Debug|Any CPU
		Release|Any CPU = Release|Any CPU
	EndGlobalSection
	GlobalSection(ProjectConfigurationPlatforms) = postSolution
		{918827DA-2189-4735-98BA-C9538B2E185A}.Debug|Any CPU.ActiveCfg = Debug|Any CPU
		{918827DA-2189-4735-98BA-C9538B2E185A}.Debug|Any CPU.Build.0 = Debug|Any CPU
		{918827DA-2189-4735-98BA-C9538B2E185A}.Release|Any CPU.ActiveCfg = Release|Any CPU
		{918827DA-2189-4735-98BA-C9538B2E185A}.Release|Any CPU.Build.0 = Release|Any CPU
	EndGlobalSection
	GlobalSection(SolutionProperties) = preSolution
		HideSolutionNode = FALSE
	EndGlobalSection
	GlobalSection(ExtensibilityGlobals) = postSolution
		SolutionGuid = {CD47A0C7-EA8C-4DA7-BB2D-8677DC1096FE}
	EndGlobalSection
EndGlobal
